
Microsoft Visual Studio Solution File, Format Version 12.00
# Visual Studio Version 17
VisualStudioVersion = 17.10.35122.118
MinimumVisualStudioVersion = 10.0.40219.1
Project("{FAE04EC0-301F-11D3-BF4B-00C04F79EFBC}") = "Client1", "Client1\Client1.csproj", "{682FBE35-003E-4621-AD0B-500618AB328E}"
EndProject
Global
	GlobalSection(SolutionConfigurationPlatforms) = preSolution
		Debug|Any CPU = Debug|Any CPU
		Release|Any CPU = Release|Any CPU
	EndGlobalSection
	GlobalSection(ProjectConfigurationPlatforms) = postSolution
		{682FBE35-003E-4621-AD0B-500618AB328E}.Debug|Any CPU.ActiveCfg = Debug|Any CPU
		{682FBE35-003E-4621-AD0B-500618AB328E}.Debug|Any CPU.Build.0 = Debug|Any CPU
		{682FBE35-003E-4621-AD0B-500618AB328E}.Release|Any CPU.ActiveCfg = Release|Any CPU
		{682FBE35-003E-4621-AD0B-500618AB328E}.Release|Any CPU.Build.0 = Release|Any CPU
	EndGlobalSection
	GlobalSection(SolutionProperties) = preSolution
		HideSolutionNode = FALSE
	EndGlobalSection
	GlobalSection(ExtensibilityGlobals) = postSolution
		SolutionGuid = {3C9F1062-BFCD-445E-9021-75E8668BF6DD}
	EndGlobalSection
EndGlobal
