
Microsoft Visual Studio Solution File, Format Version 12.00
# Visual Studio Version 17
VisualStudioVersion = 17.10.35122.118
MinimumVisualStudioVersion = 10.0.40219.1
Project("{FAE04EC0-301F-11D3-BF4B-00C04F79EFBC}") = "Server2", "Server2\Server2.csproj", "{0F461D40-D018-4176-AE48-E99F37EFBC07}"
EndProject
Global
	GlobalSection(SolutionConfigurationPlatforms) = preSolution
		Debug|Any CPU = Debug|Any CPU
		Release|Any CPU = Release|Any CPU
	EndGlobalSection
	GlobalSection(ProjectConfigurationPlatforms) = postSolution
		{0F461D40-D018-4176-AE48-E99F37EFBC07}.Debug|Any CPU.ActiveCfg = Debug|Any CPU
		{0F461D40-D018-4176-AE48-E99F37EFBC07}.Debug|Any CPU.Build.0 = Debug|Any CPU
		{0F461D40-D018-4176-AE48-E99F37EFBC07}.Release|Any CPU.ActiveCfg = Release|Any CPU
		{0F461D40-D018-4176-AE48-E99F37EFBC07}.Release|Any CPU.Build.0 = Release|Any CPU
	EndGlobalSection
	GlobalSection(SolutionProperties) = preSolution
		HideSolutionNode = FALSE
	EndGlobalSection
	GlobalSection(ExtensibilityGlobals) = postSolution
		SolutionGuid = {B7D847A0-C358-4626-A31A-A1D4C173941B}
	EndGlobalSection
EndGlobal
